GEM
  remote: https://rubygems.org/
  specs:
    erb (6.0.1)
    excon (1.3.2)
      logger
    formatador (1.2.3)
      reline
    io-console (0.8.1)
    logger (1.7.0)
    reline (0.6.3)
      io-console (~> 0.5)

PLATFORMS
  ruby
  x86_64-linux

DEPENDENCIES
  erb
  excon
  formatador

BUNDLED WITH
   2.6.9
